{
  "name": "beav3r-scripts",
  "version": "1.0.0",
  "lockfileVersion": 3,
  "requires": true,
  "packages": {
    "": {
      "name": "beav3r-scripts",
      "version": "1.0.0",
      "license": "ISC",
      "dependencies": {
        "@beav3r/sdk": "^1.2.0"
      }
    },
    "node_modules/@beav3r/protocol": {
      "version": "1.0.0",
      "resolved": "https://registry.npmjs.org/@beav3r/protocol/-/protocol-1.0.0.tgz",
      "integrity": "sha512-jL5KI8l8a9ScTiBHLjgtW/EkrM+sPivCjpkDVDPSBQmRk7tBKaevmQaBBWtd7/Ucet6QDqDgmVwX1XXr1Xjdaw==",
      "license": "MIT"
    },
    "node_modules/@beav3r/sdk": {
      "version": "1.2.0",
      "resolved": "https://registry.npmjs.org/@beav3r/sdk/-/sdk-1.2.0.tgz",
      "integrity": "sha512-qVnja1DtAlqi9fhC3xvKt5oJ8PRbsTzleRdKeTBe2lamtgH8rwOsGZjBVScp5cFEuIxaNk6+35YBDdt3DrXVIQ==",
      "license": "MIT",
      "dependencies": {
        "@beav3r/protocol": "1.0.0",
        "tweetnacl": "^1.0.3"
      }
    },
    "node_modules/tweetnacl": {
      "version": "1.0.3",
      "resolved": "https://registry.npmjs.org/tweetnacl/-/tweetnacl-1.0.3.tgz",
      "integrity": "sha512-6rt+RN7aOi1nGMyC4Xa5DdYiukl2UWCbcJft7YhxReBGQD7OAM8Pbxw6YMo4r2diNEA8FEmu32YOn9rhaiE5yw==",
      "license": "Unlicense"
    }
  }
}
